
Microsoft Visual Studio Solution File, Format Version 12.00
# Visual Studio Version 17
VisualStudioVersion = 17.8.34511.84
MinimumVisualStudioVersion = 10.0.40219.1
Project("{FAE04EC0-301F-11D3-BF4B-00C04F79EFBC}") = "Listas", "Listas.csproj", "{C274A20E-5501-4BCD-8FC1-45A36B6C08DD}"
EndProject
Global
	GlobalSection(SolutionConfigurationPlatforms) = preSolution
		Debug|Any CPU = Debug|Any CPU
		Release|Any CPU = Release|Any CPU
	EndGlobalSection
	GlobalSection(ProjectConfigurationPlatforms) = postSolution
		{C274A20E-5501-4BCD-8FC1-45A36B6C08DD}.Debug|Any CPU.ActiveCfg = Debug|Any CPU
		{C274A20E-5501-4BCD-8FC1-45A36B6C08DD}.Debug|Any CPU.Build.0 = Debug|Any CPU
		{C274A20E-5501-4BCD-8FC1-45A36B6C08DD}.Release|Any CPU.ActiveCfg = Release|Any CPU
		{C274A20E-5501-4BCD-8FC1-45A36B6C08DD}.Release|Any CPU.Build.0 = Release|Any CPU
	EndGlobalSection
	GlobalSection(SolutionProperties) = preSolution
		HideSolutionNode = FALSE
	EndGlobalSection
	GlobalSection(ExtensibilityGlobals) = postSolution
		SolutionGuid = {FCC45D2F-F60F-43CA-861F-E79950AAF338}
	EndGlobalSection
EndGlobal
